
Microsoft Visual Studio Solution File, Format Version 12.00
# Visual Studio Version 17
VisualStudioVersion = 17.7.34221.43
MinimumVisualStudioVersion = 10.0.40219.1
Project("{FAE04EC0-301F-11D3-BF4B-00C04F79EFBC}") = "qunLyKhachSan", "qunLyKhachSan\qunLyKhachSan.csproj", "{4A68293F-03DF-4906-848A-B288318A2DCC}"
EndProject
Global
	GlobalSection(SolutionConfigurationPlatforms) = preSolution
		Debug|Any CPU = Debug|Any CPU
		Release|Any CPU = Release|Any CPU
	EndGlobalSection
	GlobalSection(ProjectConfigurationPlatforms) = postSolution
		{4A68293F-03DF-4906-848A-B288318A2DCC}.Debug|Any CPU.ActiveCfg = Debug|Any CPU
		{4A68293F-03DF-4906-848A-B288318A2DCC}.Debug|Any CPU.Build.0 = Debug|Any CPU
		{4A68293F-03DF-4906-848A-B288318A2DCC}.Release|Any CPU.ActiveCfg = Release|Any CPU
		{4A68293F-03DF-4906-848A-B288318A2DCC}.Release|Any CPU.Build.0 = Release|Any CPU
	EndGlobalSection
	GlobalSection(SolutionProperties) = preSolution
		HideSolutionNode = FALSE
	EndGlobalSection
	GlobalSection(ExtensibilityGlobals) = postSolution
		SolutionGuid = {CC06819A-AA09-43AB-812C-1764F3D9E9A0}
	EndGlobalSection
EndGlobal
